
Microsoft Visual Studio Solution File, Format Version 12.00
# Visual Studio Version 16
VisualStudioVersion = 16.0.28803.202
MinimumVisualStudioVersion = 10.0.40219.1
Project("{FAE04EC0-301F-11D3-BF4B-00C04F79EFBC}") = "SklaepZGrami", "SklaepZGrami\SklaepZGrami.csproj", "{903F113C-9F19-41E7-A9FF-62FC1E88570F}"
EndProject
Global
	GlobalSection(SolutionConfigurationPlatforms) = preSolution
		Debug|Any CPU = Debug|Any CPU
		Release|Any CPU = Release|Any CPU
	EndGlobalSection
	GlobalSection(ProjectConfigurationPlatforms) = postSolution
		{903F113C-9F19-41E7-A9FF-62FC1E88570F}.Debug|Any CPU.ActiveCfg = Debug|Any CPU
		{903F113C-9F19-41E7-A9FF-62FC1E88570F}.Debug|Any CPU.Build.0 = Debug|Any CPU
		{903F113C-9F19-41E7-A9FF-62FC1E88570F}.Release|Any CPU.ActiveCfg = Release|Any CPU
		{903F113C-9F19-41E7-A9FF-62FC1E88570F}.Release|Any CPU.Build.0 = Release|Any CPU
	EndGlobalSection
	GlobalSection(SolutionProperties) = preSolution
		HideSolutionNode = FALSE
	EndGlobalSection
	GlobalSection(ExtensibilityGlobals) = postSolution
		SolutionGuid = {F6D3036B-EDB0-46C4-BEE2-0F763CB87C69}
	EndGlobalSection
EndGlobal
